
Microsoft Visual Studio Solution File, Format Version 12.00
# Visual Studio 14
VisualStudioVersion = 14.0.25420.1
MinimumVisualStudioVersion = 10.0.40219.1
Project("{FAE04EC0-301F-11D3-BF4B-00C04F79EFBC}") = "Model", "Model\Model.csproj", "{706BB4F8-9F4E-408C-9328-85B6F615A704}"
EndProject
Project("{FAE04EC0-301F-11D3-BF4B-00C04F79EFBC}") = "DAL", "DAL\DAL.csproj", "{3B0496AE-0A96-42C4-924F-1D620F513A10}"
EndProject
Project("{FAE04EC0-301F-11D3-BF4B-00C04F79EFBC}") = "Logica", "Logica\Logica.csproj", "{99B5A445-0D5F-4F71-99AC-116BDB32C652}"
EndProject
Project("{FAE04EC0-301F-11D3-BF4B-00C04F79EFBC}") = "UI", "UI\UI.csproj", "{4CD5FDF5-AAE8-4651-AC53-90AC030BB4CA}"
EndProject
Project("{FAE04EC0-301F-11D3-BF4B-00C04F79EFBC}") = "StyleGuide", "StyleGuide\StyleGuide.csproj", "{F611326F-5ECA-4E70-9985-2D7782A1C966}"
EndProject
Global
	GlobalSection(SolutionConfigurationPlatforms) = preSolution
		Debug|Any CPU = Debug|Any CPU
		Release|Any CPU = Release|Any CPU
	EndGlobalSection
	GlobalSection(ProjectConfigurationPlatforms) = postSolution
		{706BB4F8-9F4E-408C-9328-85B6F615A704}.Debug|Any CPU.ActiveCfg = Debug|Any CPU
		{706BB4F8-9F4E-408C-9328-85B6F615A704}.Debug|Any CPU.Build.0 = Debug|Any CPU
		{706BB4F8-9F4E-408C-9328-85B6F615A704}.Release|Any CPU.ActiveCfg = Release|Any CPU
		{706BB4F8-9F4E-408C-9328-85B6F615A704}.Release|Any CPU.Build.0 = Release|Any CPU
		{3B0496AE-0A96-42C4-924F-1D620F513A10}.Debug|Any CPU.ActiveCfg = Debug|Any CPU
		{3B0496AE-0A96-42C4-924F-1D620F513A10}.Debug|Any CPU.Build.0 = Debug|Any CPU
		{3B0496AE-0A96-42C4-924F-1D620F513A10}.Release|Any CPU.ActiveCfg = Release|Any CPU
		{3B0496AE-0A96-42C4-924F-1D620F513A10}.Release|Any CPU.Build.0 = Release|Any CPU
		{99B5A445-0D5F-4F71-99AC-116BDB32C652}.Debug|Any CPU.ActiveCfg = Debug|Any CPU
		{99B5A445-0D5F-4F71-99AC-116BDB32C652}.Debug|Any CPU.Build.0 = Debug|Any CPU
		{99B5A445-0D5F-4F71-99AC-116BDB32C652}.Release|Any CPU.ActiveCfg = Release|Any CPU
		{99B5A445-0D5F-4F71-99AC-116BDB32C652}.Release|Any CPU.Build.0 = Release|Any CPU
		{4CD5FDF5-AAE8-4651-AC53-90AC030BB4CA}.Debug|Any CPU.ActiveCfg = Debug|Any CPU
		{4CD5FDF5-AAE8-4651-AC53-90AC030BB4CA}.Debug|Any CPU.Build.0 = Debug|Any CPU
		{4CD5FDF5-AAE8-4651-AC53-90AC030BB4CA}.Release|Any CPU.ActiveCfg = Release|Any CPU
		{4CD5FDF5-AAE8-4651-AC53-90AC030BB4CA}.Release|Any CPU.Build.0 = Release|Any CPU
		{F611326F-5ECA-4E70-9985-2D7782A1C966}.Debug|Any CPU.ActiveCfg = Debug|Any CPU
		{F611326F-5ECA-4E70-9985-2D7782A1C966}.Debug|Any CPU.Build.0 = Debug|Any CPU
		{F611326F-5ECA-4E70-9985-2D7782A1C966}.Release|Any CPU.ActiveCfg = Release|Any CPU
		{F611326F-5ECA-4E70-9985-2D7782A1C966}.Release|Any CPU.Build.0 = Release|Any CPU
	EndGlobalSection
	GlobalSection(SolutionProperties) = preSolution
		HideSolutionNode = FALSE
	EndGlobalSection
EndGlobal
